
Microsoft Visual Studio Solution File, Format Version 12.00
# Visual Studio 15
VisualStudioVersion = 15.0.26124.0
MinimumVisualStudioVersion = 15.0.26124.0
Project("{FAE04EC0-301F-11D3-BF4B-00C04F79EFBC}") = "Domain", "Domain\Domain.csproj", "{BC0FEE20-AF43-4902-9978-3B3EBE0745DB}"
EndProject
Project("{FAE04EC0-301F-11D3-BF4B-00C04F79EFBC}") = "Application", "Application\Application.csproj", "{28A484E4-0737-4A1D-8890-6E9D1ED8B5B1}"
EndProject
Project("{FAE04EC0-301F-11D3-BF4B-00C04F79EFBC}") = "Persistence", "Persistence\Persistence.csproj", "{70A957DE-587B-44BE-90D6-4611CFED826C}"
EndProject
Project("{FAE04EC0-301F-11D3-BF4B-00C04F79EFBC}") = "API", "API\API.csproj", "{9F20E9BD-6ACC-40BE-AAD2-8EB700CC2544}"
EndProject
Global
	GlobalSection(SolutionConfigurationPlatforms) = preSolution
		Debug|Any CPU = Debug|Any CPU
		Debug|x64 = Debug|x64
		Debug|x86 = Debug|x86
		Release|Any CPU = Release|Any CPU
		Release|x64 = Release|x64
		Release|x86 = Release|x86
	EndGlobalSection
	GlobalSection(SolutionProperties) = preSolution
		HideSolutionNode = FALSE
	EndGlobalSection
	GlobalSection(ProjectConfigurationPlatforms) = postSolution
		{BC0FEE20-AF43-4902-9978-3B3EBE0745DB}.Debug|Any CPU.ActiveCfg = Debug|Any CPU
		{BC0FEE20-AF43-4902-9978-3B3EBE0745DB}.Debug|Any CPU.Build.0 = Debug|Any CPU
		{BC0FEE20-AF43-4902-9978-3B3EBE0745DB}.Debug|x64.ActiveCfg = Debug|Any CPU
		{BC0FEE20-AF43-4902-9978-3B3EBE0745DB}.Debug|x64.Build.0 = Debug|Any CPU
		{BC0FEE20-AF43-4902-9978-3B3EBE0745DB}.Debug|x86.ActiveCfg = Debug|Any CPU
		{BC0FEE20-AF43-4902-9978-3B3EBE0745DB}.Debug|x86.Build.0 = Debug|Any CPU
		{BC0FEE20-AF43-4902-9978-3B3EBE0745DB}.Release|Any CPU.ActiveCfg = Release|Any CPU
		{BC0FEE20-AF43-4902-9978-3B3EBE0745DB}.Release|Any CPU.Build.0 = Release|Any CPU
		{BC0FEE20-AF43-4902-9978-3B3EBE0745DB}.Release|x64.ActiveCfg = Release|Any CPU
		{BC0FEE20-AF43-4902-9978-3B3EBE0745DB}.Release|x64.Build.0 = Release|Any CPU
		{BC0FEE20-AF43-4902-9978-3B3EBE0745DB}.Release|x86.ActiveCfg = Release|Any CPU
		{BC0FEE20-AF43-4902-9978-3B3EBE0745DB}.Release|x86.Build.0 = Release|Any CPU
		{28A484E4-0737-4A1D-8890-6E9D1ED8B5B1}.Debug|Any CPU.ActiveCfg = Debug|Any CPU
		{28A484E4-0737-4A1D-8890-6E9D1ED8B5B1}.Debug|Any CPU.Build.0 = Debug|Any CPU
		{28A484E4-0737-4A1D-8890-6E9D1ED8B5B1}.Debug|x64.ActiveCfg = Debug|Any CPU
		{28A484E4-0737-4A1D-8890-6E9D1ED8B5B1}.Debug|x64.Build.0 = Debug|Any CPU
		{28A484E4-0737-4A1D-8890-6E9D1ED8B5B1}.Debug|x86.ActiveCfg = Debug|Any CPU
		{28A484E4-0737-4A1D-8890-6E9D1ED8B5B1}.Debug|x86.Build.0 = Debug|Any CPU
		{28A484E4-0737-4A1D-8890-6E9D1ED8B5B1}.Release|Any CPU.ActiveCfg = Release|Any CPU
		{28A484E4-0737-4A1D-8890-6E9D1ED8B5B1}.Release|Any CPU.Build.0 = Release|Any CPU
		{28A484E4-0737-4A1D-8890-6E9D1ED8B5B1}.Release|x64.ActiveCfg = Release|Any CPU
		{28A484E4-0737-4A1D-8890-6E9D1ED8B5B1}.Release|x64.Build.0 = Release|Any CPU
		{28A484E4-0737-4A1D-8890-6E9D1ED8B5B1}.Release|x86.ActiveCfg = Release|Any CPU
		{28A484E4-0737-4A1D-8890-6E9D1ED8B5B1}.Release|x86.Build.0 = Release|Any CPU
		{70A957DE-587B-44BE-90D6-4611CFED826C}.Debug|Any CPU.ActiveCfg = Debug|Any CPU
		{70A957DE-587B-44BE-90D6-4611CFED826C}.Debug|Any CPU.Build.0 = Debug|Any CPU
		{70A957DE-587B-44BE-90D6-4611CFED826C}.Debug|x64.ActiveCfg = Debug|Any CPU
		{70A957DE-587B-44BE-90D6-4611CFED826C}.Debug|x64.Build.0 = Debug|Any CPU
		{70A957DE-587B-44BE-90D6-4611CFED826C}.Debug|x86.ActiveCfg = Debug|Any CPU
		{70A957DE-587B-44BE-90D6-4611CFED826C}.Debug|x86.Build.0 = Debug|Any CPU
		{70A957DE-587B-44BE-90D6-4611CFED826C}.Release|Any CPU.ActiveCfg = Release|Any CPU
		{70A957DE-587B-44BE-90D6-4611CFED826C}.Release|Any CPU.Build.0 = Release|Any CPU
		{70A957DE-587B-44BE-90D6-4611CFED826C}.Release|x64.ActiveCfg = Release|Any CPU
		{70A957DE-587B-44BE-90D6-4611CFED826C}.Release|x64.Build.0 = Release|Any CPU
		{70A957DE-587B-44BE-90D6-4611CFED826C}.Release|x86.ActiveCfg = Release|Any CPU
		{70A957DE-587B-44BE-90D6-4611CFED826C}.Release|x86.Build.0 = Release|Any CPU
		{9F20E9BD-6ACC-40BE-AAD2-8EB700CC2544}.Debug|Any CPU.ActiveCfg = Debug|Any CPU
		{9F20E9BD-6ACC-40BE-AAD2-8EB700CC2544}.Debug|Any CPU.Build.0 = Debug|Any CPU
		{9F20E9BD-6ACC-40BE-AAD2-8EB700CC2544}.Debug|x64.ActiveCfg = Debug|Any CPU
		{9F20E9BD-6ACC-40BE-AAD2-8EB700CC2544}.Debug|x64.Build.0 = Debug|Any CPU
		{9F20E9BD-6ACC-40BE-AAD2-8EB700CC2544}.Debug|x86.ActiveCfg = Debug|Any CPU
		{9F20E9BD-6ACC-40BE-AAD2-8EB700CC2544}.Debug|x86.Build.0 = Debug|Any CPU
		{9F20E9BD-6ACC-40BE-AAD2-8EB700CC2544}.Release|Any CPU.ActiveCfg = Release|Any CPU
		{9F20E9BD-6ACC-40BE-AAD2-8EB700CC2544}.Release|Any CPU.Build.0 = Release|Any CPU
		{9F20E9BD-6ACC-40BE-AAD2-8EB700CC2544}.Release|x64.ActiveCfg = Release|Any CPU
		{9F20E9BD-6ACC-40BE-AAD2-8EB700CC2544}.Release|x64.Build.0 = Release|Any CPU
		{9F20E9BD-6ACC-40BE-AAD2-8EB700CC2544}.Release|x86.ActiveCfg = Release|Any CPU
		{9F20E9BD-6ACC-40BE-AAD2-8EB700CC2544}.Release|x86.Build.0 = Release|Any CPU
	EndGlobalSection
EndGlobal
